
Microsoft Visual Studio Solution File, Format Version 12.00
# Visual Studio Version 17
VisualStudioVersion = 17.4.33403.182
MinimumVisualStudioVersion = 10.0.40219.1
Project("{FAE04EC0-301F-11D3-BF4B-00C04F79EFBC}") = "NokiaAutoWordComplete WPF", "NokiaAutoWordComplete WPF\NokiaAutoWordComplete WPF.csproj", "{DBFF489B-201F-4CAA-A008-1EAFDBEAC3F5}"
EndProject
Global
	GlobalSection(SolutionConfigurationPlatforms) = preSolution
		Debug|Any CPU = Debug|Any CPU
		Release|Any CPU = Release|Any CPU
	EndGlobalSection
	GlobalSection(ProjectConfigurationPlatforms) = postSolution
		{DBFF489B-201F-4CAA-A008-1EAFDBEAC3F5}.Debug|Any CPU.ActiveCfg = Debug|Any CPU
		{DBFF489B-201F-4CAA-A008-1EAFDBEAC3F5}.Debug|Any CPU.Build.0 = Debug|Any CPU
		{DBFF489B-201F-4CAA-A008-1EAFDBEAC3F5}.Release|Any CPU.ActiveCfg = Release|Any CPU
		{DBFF489B-201F-4CAA-A008-1EAFDBEAC3F5}.Release|Any CPU.Build.0 = Release|Any CPU
	EndGlobalSection
	GlobalSection(SolutionProperties) = preSolution
		HideSolutionNode = FALSE
	EndGlobalSection
	GlobalSection(ExtensibilityGlobals) = postSolution
		SolutionGuid = {0597286D-E503-4F8B-ACE5-6C2355C3BBF7}
	EndGlobalSection
EndGlobal
